
Microsoft Visual Studio Solution File, Format Version 12.00
Project("{FAE04EC0-301F-11D3-BF4B-00C04F79EFBC}") = "movies-api", "movies-api\movies-api.csproj", "{EB88FD71-AAE1-4BF2-9996-330277FB9AC2}"
EndProject
Project("{2150E333-8FDC-42A3-9474-1A3956D46DE8}") = "containers", "containers", "{D9ACE3FC-5568-4B7A-8327-C25A56C3771C}"
	ProjectSection(SolutionItems) = preProject
		docker-compose.yml = docker-compose.yml
		init-mongo.js = init-mongo.js
		docker-compose-mongodb.yml = docker-compose-mongodb.yml
		Dockerfile = Dockerfile
		.testcontainers.properties = .testcontainers.properties
	EndProjectSection
EndProject
Project("{FAE04EC0-301F-11D3-BF4B-00C04F79EFBC}") = "movies-api-integration-tests", "movies-api-integration-tests\movies-api-integration-tests.csproj", "{DADF82A4-E549-4DA3-A6B6-72F757A17683}"
EndProject
Global
	GlobalSection(SolutionConfigurationPlatforms) = preSolution
		Debug|Any CPU = Debug|Any CPU
		Release|Any CPU = Release|Any CPU
	EndGlobalSection
	GlobalSection(ProjectConfigurationPlatforms) = postSolution
		{EB88FD71-AAE1-4BF2-9996-330277FB9AC2}.Debug|Any CPU.ActiveCfg = Debug|Any CPU
		{EB88FD71-AAE1-4BF2-9996-330277FB9AC2}.Debug|Any CPU.Build.0 = Debug|Any CPU
		{EB88FD71-AAE1-4BF2-9996-330277FB9AC2}.Release|Any CPU.ActiveCfg = Release|Any CPU
		{EB88FD71-AAE1-4BF2-9996-330277FB9AC2}.Release|Any CPU.Build.0 = Release|Any CPU
		{DADF82A4-E549-4DA3-A6B6-72F757A17683}.Debug|Any CPU.ActiveCfg = Debug|Any CPU
		{DADF82A4-E549-4DA3-A6B6-72F757A17683}.Debug|Any CPU.Build.0 = Debug|Any CPU
		{DADF82A4-E549-4DA3-A6B6-72F757A17683}.Release|Any CPU.ActiveCfg = Release|Any CPU
		{DADF82A4-E549-4DA3-A6B6-72F757A17683}.Release|Any CPU.Build.0 = Release|Any CPU
	EndGlobalSection
EndGlobal
